// !$*UTF8*$!
{
	archiveVersion = 1;
	classes = {
	};
	objectVersion = 56;
	objects = {

/* Begin PBXBuildFile section */
		D6E4B6042BEA691300A302E8 /* AppDelegate.swift in Sources */ = {isa = PBXBuildFile; fileRef = D6E4B6032BEA691300A302E8 /* AppDelegate.swift */; };
		D6E4B6062BEA691300A302E8 /* SceneDelegate.swift in Sources */ = {isa = PBXBuildFile; fileRef = D6E4B6052BEA691300A302E8 /* SceneDelegate.swift */; };
		D6E4B6082BEA691300A302E8 /* ViewController.swift in Sources */ = {isa = PBXBuildFile; fileRef = D6E4B6072BEA691300A302E8 /* ViewController.swift */; };
		D6E4B60B2BEA691300A302E8 /* Base in Resources */ = {isa = PBXBuildFile; fileRef = D6E4B60A2BEA691300A302E8 /* Base */; };
		D6E4B60D2BEA691600A302E8 /* Assets.xcassets in Resources */ = {isa = PBXBuildFile; fileRef = D6E4B60C2BEA691600A302E8 /* Assets.xcassets */; };
		D6E4B6102BEA691600A302E8 /* Base in Resources */ = {isa = PBXBuildFile; fileRef = D6E4B60F2BEA691600A302E8 /* Base */; };
		D6E4B6192BEA696100A302E8 /* LICENSE in Resources */ = {isa = PBXBuildFile; fileRef = D6E4B6172BEA696100A302E8 /* LICENSE */; };
		D6E4B61A2BEA696100A302E8 /* README.md in Resources */ = {isa = PBXBuildFile; fileRef = D6E4B6182BEA696100A302E8 /* README.md */; };
		D6E4B61D2BEA6E4D00A302E8 /* ViewController+PHPickerViewControllerDelegate.swift in Sources */ = {isa = PBXBuildFile; fileRef = D6E4B61C2BEA6E4D00A302E8 /* ViewController+PHPickerViewControllerDelegate.swift */; };
		D6E4B61F2BEA6F1100A302E8 /* FlowLayout.swift in Sources */ = {isa = PBXBuildFile; fileRef = D6E4B61E2BEA6F1100A302E8 /* FlowLayout.swift */; };
		D6E4B6212BEA6F7D00A302E8 /* Cell.swift in Sources */ = {isa = PBXBuildFile; fileRef = D6E4B6202BEA6F7D00A302E8 /* Cell.swift */; };
		D6E4B6242BEA733500A302E8 /* UIViewController.swift in Sources */ = {isa = PBXBuildFile; fileRef = D6E4B6232BEA733500A302E8 /* UIViewController.swift */; };
		D6E4B6262BEA735E00A302E8 /* UIView.swift in Sources */ = {isa = PBXBuildFile; fileRef = D6E4B6252BEA735E00A302E8 /* UIView.swift */; };
		D6E4B6282BEA747400A302E8 /* UIImage.swift in Sources */ = {isa = PBXBuildFile; fileRef = D6E4B6272BEA747400A302E8 /* UIImage.swift */; };
/* End PBXBuildFile section */

/* Begin PBXFileReference section */
		D6E4B6002BEA691300A302E8 /* PhotoClustering.app */ = {isa = PBXFileReference; explicitFileType = wrapper.application; includeInIndex = 0; path = PhotoClustering.app; sourceTree = BUILT_PRODUCTS_DIR; };
		D6E4B6032BEA691300A302E8 /* AppDelegate.swift */ = {isa = PBXFileReference; lastKnownFileType = sourcecode.swift; path = AppDelegate.swift; sourceTree = "<group>"; };
		D6E4B6052BEA691300A302E8 /* SceneDelegate.swift */ = {isa = PBXFileReference; lastKnownFileType = sourcecode.swift; path = SceneDelegate.swift; sourceTree = "<group>"; };
		D6E4B6072BEA691300A302E8 /* ViewController.swift */ = {isa = PBXFileReference; lastKnownFileType = sourcecode.swift; path = ViewController.swift; sourceTree = "<group>"; };
		D6E4B60A2BEA691300A302E8 /* Base */ = {isa = PBXFileReference; lastKnownFileType = file.storyboard; name = Base; path = Base.lproj/Main.storyboard; sourceTree = "<group>"; };
		D6E4B60C2BEA691600A302E8 /* Assets.xcassets */ = {isa = PBXFileReference; lastKnownFileType = folder.assetcatalog; path = Assets.xcassets; sourceTree = "<group>"; };
		D6E4B60F2BEA691600A302E8 /* Base */ = {isa = PBXFileReference; lastKnownFileType = file.storyboard; name = Base; path = Base.lproj/LaunchScreen.storyboard; sourceTree = "<group>"; };
		D6E4B6112BEA691600A302E8 /* Info.plist */ = {isa = PBXFileReference; lastKnownFileType = text.plist.xml; path = Info.plist; sourceTree = "<group>"; };
		D6E4B6172BEA696100A302E8 /* LICENSE */ = {isa = PBXFileReference; fileEncoding = 4; lastKnownFileType = text; path = LICENSE; sourceTree = "<group>"; };
		D6E4B6182BEA696100A302E8 /* README.md */ = {isa = PBXFileReference; fileEncoding = 4; lastKnownFileType = net.daringfireball.markdown; path = README.md; sourceTree = "<group>"; };
		D6E4B61C2BEA6E4D00A302E8 /* ViewController+PHPickerViewControllerDelegate.swift */ = {isa = PBXFileReference; lastKnownFileType = sourcecode.swift; path = "ViewController+PHPickerViewControllerDelegate.swift"; sourceTree = "<group>"; };
		D6E4B61E2BEA6F1100A302E8 /* FlowLayout.swift */ = {isa = PBXFileReference; lastKnownFileType = sourcecode.swift; path = FlowLayout.swift; sourceTree = "<group>"; };
		D6E4B6202BEA6F7D00A302E8 /* Cell.swift */ = {isa = PBXFileReference; lastKnownFileType = sourcecode.swift; path = Cell.swift; sourceTree = "<group>"; };
		D6E4B6232BEA733500A302E8 /* UIViewController.swift */ = {isa = PBXFileReference; lastKnownFileType = sourcecode.swift; path = UIViewController.swift; sourceTree = "<group>"; };
		D6E4B6252BEA735E00A302E8 /* UIView.swift */ = {isa = PBXFileReference; lastKnownFileType = sourcecode.swift; path = UIView.swift; sourceTree = "<group>"; };
		D6E4B6272BEA747400A302E8 /* UIImage.swift */ = {isa = PBXFileReference; lastKnownFileType = sourcecode.swift; path = UIImage.swift; sourceTree = "<group>"; };
/* End PBXFileReference section */

/* Begin PBXFrameworksBuildPhase section */
		D6E4B5FD2BEA691300A302E8 /* Frameworks */ = {
			isa = PBXFrameworksBuildPhase;
			buildActionMask = 2147483647;
			files = (
			);
			runOnlyForDeploymentPostprocessing = 0;
		};
/* End PBXFrameworksBuildPhase section */

/* Begin PBXGroup section */
		D6E4B5F72BEA691200A302E8 = {
			isa = PBXGroup;
			children = (
				D6E4B6172BEA696100A302E8 /* LICENSE */,
				D6E4B6182BEA696100A302E8 /* README.md */,
				D6E4B6022BEA691300A302E8 /* PhotoClustering */,
				D6E4B6012BEA691300A302E8 /* Products */,
			);
			sourceTree = "<group>";
		};
		D6E4B6012BEA691300A302E8 /* Products */ = {
			isa = PBXGroup;
			children = (
				D6E4B6002BEA691300A302E8 /* PhotoClustering.app */,
			);
			name = Products;
			sourceTree = "<group>";
		};
		D6E4B6022BEA691300A302E8 /* PhotoClustering */ = {
			isa = PBXGroup;
			children = (
				D6E4B6112BEA691600A302E8 /* Info.plist */,
				D6E4B60C2BEA691600A302E8 /* Assets.xcassets */,
				D6E4B6092BEA691300A302E8 /* Main.storyboard */,
				D6E4B60E2BEA691600A302E8 /* LaunchScreen.storyboard */,
				D6E4B6032BEA691300A302E8 /* AppDelegate.swift */,
				D6E4B6052BEA691300A302E8 /* SceneDelegate.swift */,
				D6E4B6222BEA732700A302E8 /* Extensions */,
				D6E4B61B2BEA6E3300A302E8 /* ViewController */,
			);
			path = PhotoClustering;
			sourceTree = "<group>";
		};
		D6E4B61B2BEA6E3300A302E8 /* ViewController */ = {
			isa = PBXGroup;
			children = (
				D6E4B6202BEA6F7D00A302E8 /* Cell.swift */,
				D6E4B61E2BEA6F1100A302E8 /* FlowLayout.swift */,
				D6E4B6072BEA691300A302E8 /* ViewController.swift */,
				D6E4B61C2BEA6E4D00A302E8 /* ViewController+PHPickerViewControllerDelegate.swift */,
			);
			path = ViewController;
			sourceTree = "<group>";
		};
		D6E4B6222BEA732700A302E8 /* Extensions */ = {
			isa = PBXGroup;
			children = (
				D6E4B6272BEA747400A302E8 /* UIImage.swift */,
				D6E4B6252BEA735E00A302E8 /* UIView.swift */,
				D6E4B6232BEA733500A302E8 /* UIViewController.swift */,
			);
			path = Extensions;
			sourceTree = "<group>";
		};
/* End PBXGroup section */

/* Begin PBXNativeTarget section */
		D6E4B5FF2BEA691300A302E8 /* PhotoClustering */ = {
			isa = PBXNativeTarget;
			buildConfigurationList = D6E4B6142BEA691600A302E8 /* Build configuration list for PBXNativeTarget "PhotoClustering" */;
			buildPhases = (
				D6E4B5FC2BEA691300A302E8 /* Sources */,
				D6E4B5FD2BEA691300A302E8 /* Frameworks */,
				D6E4B5FE2BEA691300A302E8 /* Resources */,
			);
			buildRules = (
			);
			dependencies = (
			);
			name = PhotoClustering;
			productName = PhotoClustering;
			productReference = D6E4B6002BEA691300A302E8 /* PhotoClustering.app */;
			productType = "com.apple.product-type.application";
		};
/* End PBXNativeTarget section */

/* Begin PBXProject section */
		D6E4B5F82BEA691300A302E8 /* Project object */ = {
			isa = PBXProject;
			attributes = {
				BuildIndependentTargetsInParallel = 1;
				LastSwiftUpdateCheck = 1530;
				LastUpgradeCheck = 1530;
				TargetAttributes = {
					D6E4B5FF2BEA691300A302E8 = {
						CreatedOnToolsVersion = 15.3;
					};
				};
			};
			buildConfigurationList = D6E4B5FB2BEA691300A302E8 /* Build configuration list for PBXProject "PhotoClustering" */;
			compatibilityVersion = "Xcode 14.0";
			developmentRegion = en;
			hasScannedForEncodings = 0;
			knownRegions = (
				en,
				Base,
			);
			mainGroup = D6E4B5F72BEA691200A302E8;
			productRefGroup = D6E4B6012BEA691300A302E8 /* Products */;
			projectDirPath = "";
			projectRoot = "";
			targets = (
				D6E4B5FF2BEA691300A302E8 /* PhotoClustering */,
			);
		};
/* End PBXProject section */

/* Begin PBXResourcesBuildPhase section */
		D6E4B5FE2BEA691300A302E8 /* Resources */ = {
			isa = PBXResourcesBuildPhase;
			buildActionMask = 2147483647;
			files = (
				D6E4B60D2BEA691600A302E8 /* Assets.xcassets in Resources */,
				D6E4B6102BEA691600A302E8 /* Base in Resources */,
				D6E4B61A2BEA696100A302E8 /* README.md in Resources */,
				D6E4B6192BEA696100A302E8 /* LICENSE in Resources */,
				D6E4B60B2BEA691300A302E8 /* Base in Resources */,
			);
			runOnlyForDeploymentPostprocessing = 0;
		};
/* End PBXResourcesBuildPhase section */

/* Begin PBXSourcesBuildPhase section */
		D6E4B5FC2BEA691300A302E8 /* Sources */ = {
			isa = PBXSourcesBuildPhase;
			buildActionMask = 2147483647;
			files = (
				D6E4B6262BEA735E00A302E8 /* UIView.swift in Sources */,
				D6E4B6242BEA733500A302E8 /* UIViewController.swift in Sources */,
				D6E4B61D2BEA6E4D00A302E8 /* ViewController+PHPickerViewControllerDelegate.swift in Sources */,
				D6E4B6082BEA691300A302E8 /* ViewController.swift in Sources */,
				D6E4B61F2BEA6F1100A302E8 /* FlowLayout.swift in Sources */,
				D6E4B6042BEA691300A302E8 /* AppDelegate.swift in Sources */,
				D6E4B6282BEA747400A302E8 /* UIImage.swift in Sources */,
				D6E4B6062BEA691300A302E8 /* SceneDelegate.swift in Sources */,
				D6E4B6212BEA6F7D00A302E8 /* Cell.swift in Sources */,
			);
			runOnlyForDeploymentPostprocessing = 0;
		};
/* End PBXSourcesBuildPhase section */

/* Begin PBXVariantGroup section */
		D6E4B6092BEA691300A302E8 /* Main.storyboard */ = {
			isa = PBXVariantGroup;
			children = (
				D6E4B60A2BEA691300A302E8 /* Base */,
			);
			name = Main.storyboard;
			sourceTree = "<group>";
		};
		D6E4B60E2BEA691600A302E8 /* LaunchScreen.storyboard */ = {
			isa = PBXVariantGroup;
			children = (
				D6E4B60F2BEA691600A302E8 /* Base */,
			);
			name = LaunchScreen.storyboard;
			sourceTree = "<group>";
		};
/* End PBXVariantGroup section */

/* Begin XCBuildConfiguration section */
		D6E4B6122BEA691600A302E8 /* Debug */ = {
			isa = XCBuildConfiguration;
			buildSettings = {
				ALWAYS_SEARCH_USER_PATHS = NO;
				ASSETCATALOG_COMPILER_GENERATE_SWIFT_ASSET_SYMBOL_EXTENSIONS = YES;
				CLANG_ANALYZER_NONNULL = YES;
				CLANG_ANALYZER_NUMBER_OBJECT_CONVERSION = YES_AGGRESSIVE;
				CLANG_CXX_LANGUAGE_STANDARD = "gnu++20";
				CLANG_ENABLE_MODULES = YES;
				CLANG_ENABLE_OBJC_ARC = YES;
				CLANG_ENABLE_OBJC_WEAK = YES;
				CLANG_WARN_BLOCK_CAPTURE_AUTORELEASING = YES;
				CLANG_WARN_BOOL_CONVERSION = YES;
				CLANG_WARN_COMMA = YES;
				CLANG_WARN_CONSTANT_CONVERSION = YES;
				CLANG_WARN_DEPRECATED_OBJC_IMPLEMENTATIONS = YES;
				CLANG_WARN_DIRECT_OBJC_ISA_USAGE = YES_ERROR;
				CLANG_WARN_DOCUMENTATION_COMMENTS = YES;
				CLANG_WARN_EMPTY_BODY = YES;
				CLANG_WARN_ENUM_CONVERSION = YES;
				CLANG_WARN_INFINITE_RECURSION = YES;
				CLANG_WARN_INT_CONVERSION = YES;
				CLANG_WARN_NON_LITERAL_NULL_CONVERSION = YES;
				CLANG_WARN_OBJC_IMPLICIT_RETAIN_SELF = YES;
				CLANG_WARN_OBJC_LITERAL_CONVERSION = YES;
				CLANG_WARN_OBJC_ROOT_CLASS = YES_ERROR;
				CLANG_WARN_QUOTED_INCLUDE_IN_FRAMEWORK_HEADER = YES;
				CLANG_WARN_RANGE_LOOP_ANALYSIS = YES;
				CLANG_WARN_STRICT_PROTOTYPES = YES;
				CLANG_WARN_SUSPICIOUS_MOVE = YES;
				CLANG_WARN_UNGUARDED_AVAILABILITY = YES_AGGRESSIVE;
				CLANG_WARN_UNREACHABLE_CODE = YES;
				CLANG_WARN__DUPLICATE_METHOD_MATCH = YES;
				COPY_PHASE_STRIP = NO;
				DEBUG_INFORMATION_FORMAT = dwarf;
				ENABLE_STRICT_OBJC_MSGSEND = YES;
				ENABLE_TESTABILITY = YES;
				ENABLE_USER_SCRIPT_SANDBOXING = YES;
				GCC_C_LANGUAGE_STANDARD = gnu17;
				GCC_DYNAMIC_NO_PIC = NO;
				GCC_NO_COMMON_BLOCKS = YES;
				GCC_OPTIMIZATION_LEVEL = 0;
				GCC_PREPROCESSOR_DEFINITIONS = (
					"DEBUG=1",
					"$(inherited)",
				);
				GCC_WARN_64_TO_32_BIT_CONVERSION = YES;
				GCC_WARN_ABOUT_RETURN_TYPE = YES_ERROR;
				GCC_WARN_UNDECLARED_SELECTOR = YES;
				GCC_WARN_UNINITIALIZED_AUTOS = YES_AGGRESSIVE;
				GCC_WARN_UNUSED_FUNCTION = YES;
				GCC_WARN_UNUSED_VARIABLE = YES;
				IPHONEOS_DEPLOYMENT_TARGET = 17.4;
				LOCALIZATION_PREFERS_STRING_CATALOGS = YES;
				MTL_ENABLE_DEBUG_INFO = INCLUDE_SOURCE;
				MTL_FAST_MATH = YES;
				ONLY_ACTIVE_ARCH = YES;
				SDKROOT = iphoneos;
				SWIFT_ACTIVE_COMPILATION_CONDITIONS = "DEBUG $(inherited)";
				SWIFT_OPTIMIZATION_LEVEL = "-Onone";
			};
			name = Debug;
		};
		D6E4B6132BEA691600A302E8 /* Release */ = {
			isa = XCBuildConfiguration;
			buildSettings = {
				ALWAYS_SEARCH_USER_PATHS = NO;
				ASSETCATALOG_COMPILER_GENERATE_SWIFT_ASSET_SYMBOL_EXTENSIONS = YES;
				CLANG_ANALYZER_NONNULL = YES;
				CLANG_ANALYZER_NUMBER_OBJECT_CONVERSION = YES_AGGRESSIVE;
				CLANG_CXX_LANGUAGE_STANDARD = "gnu++20";
				CLANG_ENABLE_MODULES = YES;
				CLANG_ENABLE_OBJC_ARC = YES;
				CLANG_ENABLE_OBJC_WEAK = YES;
				CLANG_WARN_BLOCK_CAPTURE_AUTORELEASING = YES;
				CLANG_WARN_BOOL_CONVERSION = YES;
				CLANG_WARN_COMMA = YES;
				CLANG_WARN_CONSTANT_CONVERSION = YES;
				CLANG_WARN_DEPRECATED_OBJC_IMPLEMENTATIONS = YES;
				CLANG_WARN_DIRECT_OBJC_ISA_USAGE = YES_ERROR;
				CLANG_WARN_DOCUMENTATION_COMMENTS = YES;
				CLANG_WARN_EMPTY_BODY = YES;
				CLANG_WARN_ENUM_CONVERSION = YES;
				CLANG_WARN_INFINITE_RECURSION = YES;
				CLANG_WARN_INT_CONVERSION = YES;
				CLANG_WARN_NON_LITERAL_NULL_CONVERSION = YES;
				CLANG_WARN_OBJC_IMPLICIT_RETAIN_SELF = YES;
				CLANG_WARN_OBJC_LITERAL_CONVERSION = YES;
				CLANG_WARN_OBJC_ROOT_CLASS = YES_ERROR;
				CLANG_WARN_QUOTED_INCLUDE_IN_FRAMEWORK_HEADER = YES;
				CLANG_WARN_RANGE_LOOP_ANALYSIS = YES;
				CLANG_WARN_STRICT_PROTOTYPES = YES;
				CLANG_WARN_SUSPICIOUS_MOVE = YES;
				CLANG_WARN_UNGUARDED_AVAILABILITY = YES_AGGRESSIVE;
				CLANG_WARN_UNREACHABLE_CODE = YES;
				CLANG_WARN__DUPLICATE_METHOD_MATCH = YES;
				COPY_PHASE_STRIP = NO;
				DEBUG_INFORMATION_FORMAT = "dwarf-with-dsym";
				ENABLE_NS_ASSERTIONS = NO;
				ENABLE_STRICT_OBJC_MSGSEND = YES;
				ENABLE_USER_SCRIPT_SANDBOXING = YES;
				GCC_C_LANGUAGE_STANDARD = gnu17;
				GCC_NO_COMMON_BLOCKS = YES;
				GCC_WARN_64_TO_32_BIT_CONVERSION = YES;
				GCC_WARN_ABOUT_RETURN_TYPE = YES_ERROR;
				GCC_WARN_UNDECLARED_SELECTOR = YES;
				GCC_WARN_UNINITIALIZED_AUTOS = YES_AGGRESSIVE;
				GCC_WARN_UNUSED_FUNCTION = YES;
				GCC_WARN_UNUSED_VARIABLE = YES;
				IPHONEOS_DEPLOYMENT_TARGET = 17.4;
				LOCALIZATION_PREFERS_STRING_CATALOGS = YES;
				MTL_ENABLE_DEBUG_INFO = NO;
				MTL_FAST_MATH = YES;
				SDKROOT = iphoneos;
				SWIFT_COMPILATION_MODE = wholemodule;
				VALIDATE_PRODUCT = YES;
			};
			name = Release;
		};
		D6E4B6152BEA691600A302E8 /* Debug */ = {
			isa = XCBuildConfiguration;
			buildSettings = {
				ASSETCATALOG_COMPILER_APPICON_NAME = AppIcon;
				ASSETCATALOG_COMPILER_GLOBAL_ACCENT_COLOR_NAME = AccentColor;
				CODE_SIGN_STYLE = Automatic;
				CURRENT_PROJECT_VERSION = 1;
				DEVELOPMENT_TEAM = RY8386429N;
				GENERATE_INFOPLIST_FILE = YES;
				INFOPLIST_FILE = PhotoClustering/Info.plist;
				INFOPLIST_KEY_CFBundleDisplayName = Clustering;
				INFOPLIST_KEY_LSApplicationCategoryType = "public.app-category.photography";
				INFOPLIST_KEY_UIApplicationSupportsIndirectInputEvents = YES;
				INFOPLIST_KEY_UILaunchStoryboardName = LaunchScreen;
				INFOPLIST_KEY_UIMainStoryboardFile = Main;
				INFOPLIST_KEY_UISupportedInterfaceOrientations_iPad = "UIInterfaceOrientationPortrait UIInterfaceOrientationPortraitUpsideDown UIInterfaceOrientationLandscapeLeft UIInterfaceOrientationLandscapeRight";
				INFOPLIST_KEY_UISupportedInterfaceOrientations_iPhone = "UIInterfaceOrientationPortrait UIInterfaceOrientationLandscapeLeft UIInterfaceOrientationLandscapeRight";
				IPHONEOS_DEPLOYMENT_TARGET = 16.0;
				LD_RUNPATH_SEARCH_PATHS = (
					"$(inherited)",
					"@executable_path/Frameworks",
				);
				MARKETING_VERSION = 1.0;
				PRODUCT_BUNDLE_IDENTIFIER = com.verny.PhotoClustering;
				PRODUCT_NAME = "$(TARGET_NAME)";
				SWIFT_EMIT_LOC_STRINGS = YES;
				SWIFT_VERSION = 5.0;
				TARGETED_DEVICE_FAMILY = "1,2";
			};
			name = Debug;
		};
		D6E4B6162BEA691600A302E8 /* Release */ = {
			isa = XCBuildConfiguration;
			buildSettings = {
				ASSETCATALOG_COMPILER_APPICON_NAME = AppIcon;
				ASSETCATALOG_COMPILER_GLOBAL_ACCENT_COLOR_NAME = AccentColor;
				CODE_SIGN_STYLE = Automatic;
				CURRENT_PROJECT_VERSION = 1;
				DEVELOPMENT_TEAM = RY8386429N;
				GENERATE_INFOPLIST_FILE = YES;
				INFOPLIST_FILE = PhotoClustering/Info.plist;
				INFOPLIST_KEY_CFBundleDisplayName = Clustering;
				INFOPLIST_KEY_LSApplicationCategoryType = "public.app-category.photography";
				INFOPLIST_KEY_UIApplicationSupportsIndirectInputEvents = YES;
				INFOPLIST_KEY_UILaunchStoryboardName = LaunchScreen;
				INFOPLIST_KEY_UIMainStoryboardFile = Main;
				INFOPLIST_KEY_UISupportedInterfaceOrientations_iPad = "UIInterfaceOrientationPortrait UIInterfaceOrientationPortraitUpsideDown UIInterfaceOrientationLandscapeLeft UIInterfaceOrientationLandscapeRight";
				INFOPLIST_KEY_UISupportedInterfaceOrientations_iPhone = "UIInterfaceOrientationPortrait UIInterfaceOrientationLandscapeLeft UIInterfaceOrientationLandscapeRight";
				IPHONEOS_DEPLOYMENT_TARGET = 16.0;
				LD_RUNPATH_SEARCH_PATHS = (
					"$(inherited)",
					"@executable_path/Frameworks",
				);
				MARKETING_VERSION = 1.0;
				PRODUCT_BUNDLE_IDENTIFIER = com.verny.PhotoClustering;
				PRODUCT_NAME = "$(TARGET_NAME)";
				SWIFT_EMIT_LOC_STRINGS = YES;
				SWIFT_VERSION = 5.0;
				TARGETED_DEVICE_FAMILY = "1,2";
			};
			name = Release;
		};
/* End XCBuildConfiguration section */

/* Begin XCConfigurationList section */
		D6E4B5FB2BEA691300A302E8 /* Build configuration list for PBXProject "PhotoClustering" */ = {
			isa = XCConfigurationList;
			buildConfigurations = (
				D6E4B6122BEA691600A302E8 /* Debug */,
				D6E4B6132BEA691600A302E8 /* Release */,
			);
			defaultConfigurationIsVisible = 0;
			defaultConfigurationName = Release;
		};
		D6E4B6142BEA691600A302E8 /* Build configuration list for PBXNativeTarget "PhotoClustering" */ = {
			isa = XCConfigurationList;
			buildConfigurations = (
				D6E4B6152BEA691600A302E8 /* Debug */,
				D6E4B6162BEA691600A302E8 /* Release */,
			);
			defaultConfigurationIsVisible = 0;
			defaultConfigurationName = Release;
		};
/* End XCConfigurationList section */
	};
	rootObject = D6E4B5F82BEA691300A302E8 /* Project object */;
}
